PODS:
  - Charts (3.3.0):
    - Charts/Core (= 3.3.0)
  - Charts/Core (3.3.0)

DEPENDENCIES:
  - Charts

SPEC REPOS:
  https://github.com/cocoapods/specs.git:
    - Charts

SPEC CHECKSUMS:
  Charts: e0dd4cd8f257bccf98407b58183ddca8e8d5b578

PODFILE CHECKSUM: 1dd7cb50177d0df57568f8ca28359895b0882a79

COCOAPODS: 1.7.3
