// !$*UTF8*$!
{
	archiveVersion = 1;
	classes = {
	};
	objectVersion = 51;
	objects = {

/* Begin PBXBuildFile section */
		775F514722CE000500ACF4C0 /* CustomButton.swift in Sources */ = {isa = PBXBuildFile; fileRef = 775F514622CE000500ACF4C0 /* CustomButton.swift */; };
		775F514922CE003A00ACF4C0 /* UIButton+Animate.swift in Sources */ = {isa = PBXBuildFile; fileRef = 775F514822CE003A00ACF4C0 /* UIButton+Animate.swift */; };
		775F514B22CE00C400ACF4C0 /* MealIdentifierView.swift in Sources */ = {isa = PBXBuildFile; fileRef = 775F514A22CE00C400ACF4C0 /* MealIdentifierView.swift */; };
		775F514D22CE082400ACF4C0 /* HasCustomView.swift in Sources */ = {isa = PBXBuildFile; fileRef = 775F514C22CE082400ACF4C0 /* HasCustomView.swift */; };
		775F514F22CE086800ACF4C0 /* MealIdentifierController.swift in Sources */ = {isa = PBXBuildFile; fileRef = 775F514E22CE086800ACF4C0 /* MealIdentifierController.swift */; };
		77B92CDB22CCE2C9007B51ED /* NetworkService.swift in Sources */ = {isa = PBXBuildFile; fileRef = 77B92CDA22CCE2C9007B51ED /* NetworkService.swift */; };
		7925806522CC600700415C72 /* User.swift in Sources */ = {isa = PBXBuildFile; fileRef = 7925806422CC600700415C72 /* User.swift */; };
		795C551422CBA5690043DC14 /* AppDelegate.swift in Sources */ = {isa = PBXBuildFile; fileRef = 795C551322CBA5690043DC14 /* AppDelegate.swift */; };
		795C551622CBA5690043DC14 /* CustomTabBarController.swift in Sources */ = {isa = PBXBuildFile; fileRef = 795C551522CBA5690043DC14 /* CustomTabBarController.swift */; };
		795C551B22CBA5690043DC14 /* Assets.xcassets in Resources */ = {isa = PBXBuildFile; fileRef = 795C551A22CBA5690043DC14 /* Assets.xcassets */; };
		795C551E22CBA5690043DC14 /* LaunchScreen.storyboard in Resources */ = {isa = PBXBuildFile; fileRef = 795C551C22CBA5690043DC14 /* LaunchScreen.storyboard */; };
		795C552922CBA56A0043DC14 /* NutrAITests.swift in Sources */ = {isa = PBXBuildFile; fileRef = 795C552822CBA56A0043DC14 /* NutrAITests.swift */; };
		795C553722CBA6300043DC14 /* MealsListController.swift in Sources */ = {isa = PBXBuildFile; fileRef = 795C553622CBA6300043DC14 /* MealsListController.swift */; };
		795C553922CBCD700043DC14 /* MealsListCell.swift in Sources */ = {isa = PBXBuildFile; fileRef = 795C553822CBCD700043DC14 /* MealsListCell.swift */; };
		7969A5B722CC5B71004BE151 /* Schedule.swift in Sources */ = {isa = PBXBuildFile; fileRef = 7969A5B622CC5B71004BE151 /* Schedule.swift */; };
		79E269B422CBD517000C62D0 /* UIViewComponents+Extension.swift in Sources */ = {isa = PBXBuildFile; fileRef = 79E269B322CBD517000C62D0 /* UIViewComponents+Extension.swift */; };
		79E269B622CBD9FA000C62D0 /* UIView+Extension.swift in Sources */ = {isa = PBXBuildFile; fileRef = 79E269B522CBD9FA000C62D0 /* UIView+Extension.swift */; };
		79E269B922CBDC72000C62D0 /* ConfigurableView.swift in Sources */ = {isa = PBXBuildFile; fileRef = 79E269B822CBDC72000C62D0 /* ConfigurableView.swift */; };
		79E269BB22CBDD19000C62D0 /* Reusable.swift in Sources */ = {isa = PBXBuildFile; fileRef = 79E269BA22CBDD19000C62D0 /* Reusable.swift */; };
		79E269BD22CBDD7D000C62D0 /* UITableView+Reusable.swift in Sources */ = {isa = PBXBuildFile; fileRef = 79E269BC22CBDD7D000C62D0 /* UITableView+Reusable.swift */; };
		79E269BF22CBDF12000C62D0 /* MealsListHeader.swift in Sources */ = {isa = PBXBuildFile; fileRef = 79E269BE22CBDF12000C62D0 /* MealsListHeader.swift */; };
		79E269C122CBE5B6000C62D0 /* Meal.swift in Sources */ = {isa = PBXBuildFile; fileRef = 79E269C022CBE5B6000C62D0 /* Meal.swift */; };
		79E269C322CBEAAB000C62D0 /* MealsStatsController.swift in Sources */ = {isa = PBXBuildFile; fileRef = 79E269C222CBEAAB000C62D0 /* MealsStatsController.swift */; };
		79E269C522CBF0CD000C62D0 /* Constraints+Extension.swift in Sources */ = {isa = PBXBuildFile; fileRef = 79E269C422CBF0CD000C62D0 /* Constraints+Extension.swift */; };
		807C934A6DD0809DEC0C99E5 /* Pods_NutrAI.framework in Frameworks */ = {isa = PBXBuildFile; fileRef = 789E347E14E5E6CE624BB020 /* Pods_NutrAI.framework */; };
		E650AAEF68C8B35BFD27977A /* Pods_NutrAITests.framework in Frameworks */ = {isa = PBXBuildFile; fileRef = F82BA04EB2A827BD7E9D6A39 /* Pods_NutrAITests.framework */; };
/* End PBXBuildFile section */

/* Begin PBXContainerItemProxy section */
		795C552522CBA56A0043DC14 /* PBXContainerItemProxy */ = {
			isa = PBXContainerItemProxy;
			containerPortal = 795C550822CBA5690043DC14 /* Project object */;
			proxyType = 1;
			remoteGlobalIDString = 795C550F22CBA5690043DC14;
			remoteInfo = NutrAI;
		};
/* End PBXContainerItemProxy section */

/* Begin PBXFileReference section */
		775F514622CE000500ACF4C0 /* CustomButton.swift */ = {isa = PBXFileReference; lastKnownFileType = sourcecode.swift; path = CustomButton.swift; sourceTree = "<group>"; };
		775F514822CE003A00ACF4C0 /* UIButton+Animate.swift */ = {isa = PBXFileReference; lastKnownFileType = sourcecode.swift; path = "UIButton+Animate.swift"; sourceTree = "<group>"; };
		775F514A22CE00C400ACF4C0 /* MealIdentifierView.swift */ = {isa = PBXFileReference; lastKnownFileType = sourcecode.swift; path = MealIdentifierView.swift; sourceTree = "<group>"; };
		775F514C22CE082400ACF4C0 /* HasCustomView.swift */ = {isa = PBXFileReference; lastKnownFileType = sourcecode.swift; path = HasCustomView.swift; sourceTree = "<group>"; };
		775F514E22CE086800ACF4C0 /* MealIdentifierController.swift */ = {isa = PBXFileReference; lastKnownFileType = sourcecode.swift; path = MealIdentifierController.swift; sourceTree = "<group>"; };
		77B92CDA22CCE2C9007B51ED /* NetworkService.swift */ = {isa = PBXFileReference; lastKnownFileType = sourcecode.swift; path = NetworkService.swift; sourceTree = "<group>"; };
		77F075A6599E6A8E84C6DA23 /* Pods-NutrAI.release.xcconfig */ = {isa = PBXFileReference; includeInIndex = 1; lastKnownFileType = text.xcconfig; name = "Pods-NutrAI.release.xcconfig"; path = "Target Support Files/Pods-NutrAI/Pods-NutrAI.release.xcconfig"; sourceTree = "<group>"; };
		789E347E14E5E6CE624BB020 /* Pods_NutrAI.framework */ = {isa = PBXFileReference; explicitFileType = wrapper.framework; includeInIndex = 0; path = Pods_NutrAI.framework; sourceTree = BUILT_PRODUCTS_DIR; };
		7925806422CC600700415C72 /* User.swift */ = {isa = PBXFileReference; lastKnownFileType = sourcecode.swift; path = User.swift; sourceTree = "<group>"; };
		795C551022CBA5690043DC14 /* NutrAI.app */ = {isa = PBXFileReference; explicitFileType = wrapper.application; includeInIndex = 0; path = NutrAI.app; sourceTree = BUILT_PRODUCTS_DIR; };
		795C551322CBA5690043DC14 /* AppDelegate.swift */ = {isa = PBXFileReference; lastKnownFileType = sourcecode.swift; path = AppDelegate.swift; sourceTree = "<group>"; };
		795C551522CBA5690043DC14 /* CustomTabBarController.swift */ = {isa = PBXFileReference; lastKnownFileType = sourcecode.swift; path = CustomTabBarController.swift; sourceTree = "<group>"; };
		795C551A22CBA5690043DC14 /* Assets.xcassets */ = {isa = PBXFileReference; lastKnownFileType = folder.assetcatalog; path = Assets.xcassets; sourceTree = "<group>"; };
		795C551D22CBA5690043DC14 /* Base */ = {isa = PBXFileReference; lastKnownFileType = file.storyboard; name = Base; path = Base.lproj/LaunchScreen.storyboard; sourceTree = "<group>"; };
		795C551F22CBA56A0043DC14 /* Info.plist */ = {isa = PBXFileReference; lastKnownFileType = text.plist.xml; path = Info.plist; sourceTree = "<group>"; };
		795C552422CBA56A0043DC14 /* NutrAITests.xctest */ = {isa = PBXFileReference; explicitFileType = wrapper.cfbundle; includeInIndex = 0; path = NutrAITests.xctest; sourceTree = BUILT_PRODUCTS_DIR; };
		795C552822CBA56A0043DC14 /* NutrAITests.swift */ = {isa = PBXFileReference; lastKnownFileType = sourcecode.swift; path = NutrAITests.swift; sourceTree = "<group>"; };
		795C552A22CBA56A0043DC14 /* Info.plist */ = {isa = PBXFileReference; lastKnownFileType = text.plist.xml; path = Info.plist; sourceTree = "<group>"; };
		795C553622CBA6300043DC14 /* MealsListController.swift */ = {isa = PBXFileReference; lastKnownFileType = sourcecode.swift; path = MealsListController.swift; sourceTree = "<group>"; };
		795C553822CBCD700043DC14 /* MealsListCell.swift */ = {isa = PBXFileReference; lastKnownFileType = sourcecode.swift; path = MealsListCell.swift; sourceTree = "<group>"; };
		7969A5B622CC5B71004BE151 /* Schedule.swift */ = {isa = PBXFileReference; lastKnownFileType = sourcecode.swift; path = Schedule.swift; sourceTree = "<group>"; };
		79E269B322CBD517000C62D0 /* UIViewComponents+Extension.swift */ = {isa = PBXFileReference; lastKnownFileType = sourcecode.swift; path = "UIViewComponents+Extension.swift"; sourceTree = "<group>"; };
		79E269B522CBD9FA000C62D0 /* UIView+Extension.swift */ = {isa = PBXFileReference; lastKnownFileType = sourcecode.swift; path = "UIView+Extension.swift"; sourceTree = "<group>"; };
		79E269B822CBDC72000C62D0 /* ConfigurableView.swift */ = {isa = PBXFileReference; lastKnownFileType = sourcecode.swift; path = ConfigurableView.swift; sourceTree = "<group>"; };
		79E269BA22CBDD19000C62D0 /* Reusable.swift */ = {isa = PBXFileReference; lastKnownFileType = sourcecode.swift; path = Reusable.swift; sourceTree = "<group>"; };
		79E269BC22CBDD7D000C62D0 /* UITableView+Reusable.swift */ = {isa = PBXFileReference; lastKnownFileType = sourcecode.swift; path = "UITableView+Reusable.swift"; sourceTree = "<group>"; };
		79E269BE22CBDF12000C62D0 /* MealsListHeader.swift */ = {isa = PBXFileReference; lastKnownFileType = sourcecode.swift; path = MealsListHeader.swift; sourceTree = "<group>"; };
		79E269C022CBE5B6000C62D0 /* Meal.swift */ = {isa = PBXFileReference; lastKnownFileType = sourcecode.swift; path = Meal.swift; sourceTree = "<group>"; };
		79E269C222CBEAAB000C62D0 /* MealsStatsController.swift */ = {isa = PBXFileReference; lastKnownFileType = sourcecode.swift; path = MealsStatsController.swift; sourceTree = "<group>"; };
		79E269C422CBF0CD000C62D0 /* Constraints+Extension.swift */ = {isa = PBXFileReference; lastKnownFileType = sourcecode.swift; path = "Constraints+Extension.swift"; sourceTree = "<group>"; };
		D5E5A8FFF573C6AF9F0D19D4 /* Pods-NutrAITests.release.xcconfig */ = {isa = PBXFileReference; includeInIndex = 1; lastKnownFileType = text.xcconfig; name = "Pods-NutrAITests.release.xcconfig"; path = "Target Support Files/Pods-NutrAITests/Pods-NutrAITests.release.xcconfig"; sourceTree = "<group>"; };
		F7BC89A6B3A5C86C8C4F24E5 /* Pods-NutrAI.debug.xcconfig */ = {isa = PBXFileReference; includeInIndex = 1; lastKnownFileType = text.xcconfig; name = "Pods-NutrAI.debug.xcconfig"; path = "Target Support Files/Pods-NutrAI/Pods-NutrAI.debug.xcconfig"; sourceTree = "<group>"; };
		F82BA04EB2A827BD7E9D6A39 /* Pods_NutrAITests.framework */ = {isa = PBXFileReference; explicitFileType = wrapper.framework; includeInIndex = 0; path = Pods_NutrAITests.framework; sourceTree = BUILT_PRODUCTS_DIR; };
		F9B14869BE3ACFA67CB74194 /* Pods-NutrAITests.debug.xcconfig */ = {isa = PBXFileReference; includeInIndex = 1; lastKnownFileType = text.xcconfig; name = "Pods-NutrAITests.debug.xcconfig"; path = "Target Support Files/Pods-NutrAITests/Pods-NutrAITests.debug.xcconfig"; sourceTree = "<group>"; };
/* End PBXFileReference section */

/* Begin PBXFrameworksBuildPhase section */
		795C550D22CBA5690043DC14 /* Frameworks */ = {
			isa = PBXFrameworksBuildPhase;
			buildActionMask = 2147483647;
			files = (
				807C934A6DD0809DEC0C99E5 /* Pods_NutrAI.framework in Frameworks */,
			);
			runOnlyForDeploymentPostprocessing = 0;
		};
		795C552122CBA56A0043DC14 /* Frameworks */ = {
			isa = PBXFrameworksBuildPhase;
			buildActionMask = 2147483647;
			files = (
				E650AAEF68C8B35BFD27977A /* Pods_NutrAITests.framework in Frameworks */,
			);
			runOnlyForDeploymentPostprocessing = 0;
		};
/* End PBXFrameworksBuildPhase section */

/* Begin PBXGroup section */
		77B92CDE22CCE812007B51ED /* Service */ = {
			isa = PBXGroup;
			children = (
				77B92CDA22CCE2C9007B51ED /* NetworkService.swift */,
			);
			path = Service;
			sourceTree = "<group>";
		};
		795C550722CBA5690043DC14 = {
			isa = PBXGroup;
			children = (
				795C551222CBA5690043DC14 /* NutrAI */,
				795C552722CBA56A0043DC14 /* NutrAITests */,
				795C551122CBA5690043DC14 /* Products */,
				7A782871B20F554E0F068ED8 /* Pods */,
				7F11F829D2317C4D1959B263 /* Frameworks */,
			);
			sourceTree = "<group>";
		};
		795C551122CBA5690043DC14 /* Products */ = {
			isa = PBXGroup;
			children = (
				795C551022CBA5690043DC14 /* NutrAI.app */,
				795C552422CBA56A0043DC14 /* NutrAITests.xctest */,
			);
			name = Products;
			sourceTree = "<group>";
		};
		795C551222CBA5690043DC14 /* NutrAI */ = {
			isa = PBXGroup;
			children = (
				77B92CDE22CCE812007B51ED /* Service */,
				79E269B722CBDC65000C62D0 /* Protocol */,
				795C553A22CBD4CD0043DC14 /* Extension */,
				795C553522CBA57C0043DC14 /* Controller */,
				795C553422CBA5770043DC14 /* Model */,
				795C553322CBA5700043DC14 /* View */,
				795C551322CBA5690043DC14 /* AppDelegate.swift */,
				795C551A22CBA5690043DC14 /* Assets.xcassets */,
				795C551C22CBA5690043DC14 /* LaunchScreen.storyboard */,
				795C551F22CBA56A0043DC14 /* Info.plist */,
			);
			path = NutrAI;
			sourceTree = "<group>";
		};
		795C552722CBA56A0043DC14 /* NutrAITests */ = {
			isa = PBXGroup;
			children = (
				795C552822CBA56A0043DC14 /* NutrAITests.swift */,
				795C552A22CBA56A0043DC14 /* Info.plist */,
			);
			path = NutrAITests;
			sourceTree = "<group>";
		};
		795C553322CBA5700043DC14 /* View */ = {
			isa = PBXGroup;
			children = (
				795C553822CBCD700043DC14 /* MealsListCell.swift */,
				79E269BE22CBDF12000C62D0 /* MealsListHeader.swift */,
				775F514A22CE00C400ACF4C0 /* MealIdentifierView.swift */,
				775F514622CE000500ACF4C0 /* CustomButton.swift */,
			);
			path = View;
			sourceTree = "<group>";
		};
		795C553422CBA5770043DC14 /* Model */ = {
			isa = PBXGroup;
			children = (
				79E269C022CBE5B6000C62D0 /* Meal.swift */,
				7969A5B622CC5B71004BE151 /* Schedule.swift */,
				7925806422CC600700415C72 /* User.swift */,
			);
			path = Model;
			sourceTree = "<group>";
		};
		795C553522CBA57C0043DC14 /* Controller */ = {
			isa = PBXGroup;
			children = (
				795C551522CBA5690043DC14 /* CustomTabBarController.swift */,
				795C553622CBA6300043DC14 /* MealsListController.swift */,
				79E269C222CBEAAB000C62D0 /* MealsStatsController.swift */,
				775F514E22CE086800ACF4C0 /* MealIdentifierController.swift */,
			);
			path = Controller;
			sourceTree = "<group>";
		};
		795C553A22CBD4CD0043DC14 /* Extension */ = {
			isa = PBXGroup;
			children = (
				79E269B322CBD517000C62D0 /* UIViewComponents+Extension.swift */,
				79E269B522CBD9FA000C62D0 /* UIView+Extension.swift */,
				79E269BC22CBDD7D000C62D0 /* UITableView+Reusable.swift */,
				79E269C422CBF0CD000C62D0 /* Constraints+Extension.swift */,
				775F514822CE003A00ACF4C0 /* UIButton+Animate.swift */,
				775F514C22CE082400ACF4C0 /* HasCustomView.swift */,
			);
			path = Extension;
			sourceTree = "<group>";
		};
		79E269B722CBDC65000C62D0 /* Protocol */ = {
			isa = PBXGroup;
			children = (
				79E269B822CBDC72000C62D0 /* ConfigurableView.swift */,
				79E269BA22CBDD19000C62D0 /* Reusable.swift */,
			);
			path = Protocol;
			sourceTree = "<group>";
		};
		7A782871B20F554E0F068ED8 /* Pods */ = {
			isa = PBXGroup;
			children = (
				F7BC89A6B3A5C86C8C4F24E5 /* Pods-NutrAI.debug.xcconfig */,
				77F075A6599E6A8E84C6DA23 /* Pods-NutrAI.release.xcconfig */,
				F9B14869BE3ACFA67CB74194 /* Pods-NutrAITests.debug.xcconfig */,
				D5E5A8FFF573C6AF9F0D19D4 /* Pods-NutrAITests.release.xcconfig */,
			);
			path = Pods;
			sourceTree = "<group>";
		};
		7F11F829D2317C4D1959B263 /* Frameworks */ = {
			isa = PBXGroup;
			children = (
				789E347E14E5E6CE624BB020 /* Pods_NutrAI.framework */,
				F82BA04EB2A827BD7E9D6A39 /* Pods_NutrAITests.framework */,
			);
			name = Frameworks;
			sourceTree = "<group>";
		};
/* End PBXGroup section */

/* Begin PBXNativeTarget section */
		795C550F22CBA5690043DC14 /* NutrAI */ = {
			isa = PBXNativeTarget;
			buildConfigurationList = 795C552D22CBA56A0043DC14 /* Build configuration list for PBXNativeTarget "NutrAI" */;
			buildPhases = (
				1017D0CF11D42A2FBB1C923F /* [CP] Check Pods Manifest.lock */,
				795C550C22CBA5690043DC14 /* Sources */,
				795C550D22CBA5690043DC14 /* Frameworks */,
				795C550E22CBA5690043DC14 /* Resources */,
				66644EC10B3A788336EE78F2 /* [CP] Embed Pods Frameworks */,
			);
			buildRules = (
			);
			dependencies = (
			);
			name = NutrAI;
			productName = NutrAI;
			productReference = 795C551022CBA5690043DC14 /* NutrAI.app */;
			productType = "com.apple.product-type.application";
		};
		795C552322CBA56A0043DC14 /* NutrAITests */ = {
			isa = PBXNativeTarget;
			buildConfigurationList = 795C553022CBA56A0043DC14 /* Build configuration list for PBXNativeTarget "NutrAITests" */;
			buildPhases = (
				71EC61CE69EDB3809B2B3E3E /* [CP] Check Pods Manifest.lock */,
				795C552022CBA56A0043DC14 /* Sources */,
				795C552122CBA56A0043DC14 /* Frameworks */,
				795C552222CBA56A0043DC14 /* Resources */,
			);
			buildRules = (
			);
			dependencies = (
				795C552622CBA56A0043DC14 /* PBXTargetDependency */,
			);
			name = NutrAITests;
			productName = NutrAITests;
			productReference = 795C552422CBA56A0043DC14 /* NutrAITests.xctest */;
			productType = "com.apple.product-type.bundle.unit-test";
		};
/* End PBXNativeTarget section */

/* Begin PBXProject section */
		795C550822CBA5690043DC14 /* Project object */ = {
			isa = PBXProject;
			attributes = {
				LastSwiftUpdateCheck = 1020;
				LastUpgradeCheck = 1020;
				ORGANIZATIONNAME = "Vinicius Mangueira";
				TargetAttributes = {
					795C550F22CBA5690043DC14 = {
						CreatedOnToolsVersion = 10.2.1;
					};
					795C552322CBA56A0043DC14 = {
						CreatedOnToolsVersion = 10.2.1;
						TestTargetID = 795C550F22CBA5690043DC14;
					};
				};
			};
			buildConfigurationList = 795C550B22CBA5690043DC14 /* Build configuration list for PBXProject "NutrAI" */;
			compatibilityVersion = "Xcode 9.3";
			developmentRegion = en;
			hasScannedForEncodings = 0;
			knownRegions = (
				en,
				Base,
			);
			mainGroup = 795C550722CBA5690043DC14;
			productRefGroup = 795C551122CBA5690043DC14 /* Products */;
			projectDirPath = "";
			projectRoot = "";
			targets = (
				795C550F22CBA5690043DC14 /* NutrAI */,
				795C552322CBA56A0043DC14 /* NutrAITests */,
			);
		};
/* End PBXProject section */

/* Begin PBXResourcesBuildPhase section */
		795C550E22CBA5690043DC14 /* Resources */ = {
			isa = PBXResourcesBuildPhase;
			buildActionMask = 2147483647;
			files = (
				795C551E22CBA5690043DC14 /* LaunchScreen.storyboard in Resources */,
				795C551B22CBA5690043DC14 /* Assets.xcassets in Resources */,
			);
			runOnlyForDeploymentPostprocessing = 0;
		};
		795C552222CBA56A0043DC14 /* Resources */ = {
			isa = PBXResourcesBuildPhase;
			buildActionMask = 2147483647;
			files = (
			);
			runOnlyForDeploymentPostprocessing = 0;
		};
/* End PBXResourcesBuildPhase section */

/* Begin PBXShellScriptBuildPhase section */
		1017D0CF11D42A2FBB1C923F /* [CP] Check Pods Manifest.lock */ = {
			isa = PBXShellScriptBuildPhase;
			buildActionMask = 2147483647;
			files = (
			);
			inputFileListPaths = (
			);
			inputPaths = (
				"${PODS_PODFILE_DIR_PATH}/Podfile.lock",
				"${PODS_ROOT}/Manifest.lock",
			);
			name = "[CP] Check Pods Manifest.lock";
			outputFileListPaths = (
			);
			outputPaths = (
				"$(DERIVED_FILE_DIR)/Pods-NutrAI-checkManifestLockResult.txt",
			);
			runOnlyForDeploymentPostprocessing = 0;
			shellPath = /bin/sh;
			shellScript = "diff \"${PODS_PODFILE_DIR_PATH}/Podfile.lock\" \"${PODS_ROOT}/Manifest.lock\" > /dev/null\nif [ $? != 0 ] ; then\n    # print error to STDERR\n    echo \"error: The sandbox is not in sync with the Podfile.lock. Run 'pod install' or update your CocoaPods installation.\" >&2\n    exit 1\nfi\n# This output is used by Xcode 'outputs' to avoid re-running this script phase.\necho \"SUCCESS\" > \"${SCRIPT_OUTPUT_FILE_0}\"\n";
			showEnvVarsInLog = 0;
		};
		66644EC10B3A788336EE78F2 /* [CP] Embed Pods Frameworks */ = {
			isa = PBXShellScriptBuildPhase;
			buildActionMask = 2147483647;
			files = (
			);
			inputFileListPaths = (
				"${PODS_ROOT}/Target Support Files/Pods-NutrAI/Pods-NutrAI-frameworks-${CONFIGURATION}-input-files.xcfilelist",
			);
			name = "[CP] Embed Pods Frameworks";
			outputFileListPaths = (
				"${PODS_ROOT}/Target Support Files/Pods-NutrAI/Pods-NutrAI-frameworks-${CONFIGURATION}-output-files.xcfilelist",
			);
			runOnlyForDeploymentPostprocessing = 0;
			shellPath = /bin/sh;
			shellScript = "\"${PODS_ROOT}/Target Support Files/Pods-NutrAI/Pods-NutrAI-frameworks.sh\"\n";
			showEnvVarsInLog = 0;
		};
		71EC61CE69EDB3809B2B3E3E /* [CP] Check Pods Manifest.lock */ = {
			isa = PBXShellScriptBuildPhase;
			buildActionMask = 2147483647;
			files = (
			);
			inputFileListPaths = (
			);
			inputPaths = (
				"${PODS_PODFILE_DIR_PATH}/Podfile.lock",
				"${PODS_ROOT}/Manifest.lock",
			);
			name = "[CP] Check Pods Manifest.lock";
			outputFileListPaths = (
			);
			outputPaths = (
				"$(DERIVED_FILE_DIR)/Pods-NutrAITests-checkManifestLockResult.txt",
			);
			runOnlyForDeploymentPostprocessing = 0;
			shellPath = /bin/sh;
			shellScript = "diff \"${PODS_PODFILE_DIR_PATH}/Podfile.lock\" \"${PODS_ROOT}/Manifest.lock\" > /dev/null\nif [ $? != 0 ] ; then\n    # print error to STDERR\n    echo \"error: The sandbox is not in sync with the Podfile.lock. Run 'pod install' or update your CocoaPods installation.\" >&2\n    exit 1\nfi\n# This output is used by Xcode 'outputs' to avoid re-running this script phase.\necho \"SUCCESS\" > \"${SCRIPT_OUTPUT_FILE_0}\"\n";
			showEnvVarsInLog = 0;
		};
/* End PBXShellScriptBuildPhase section */

/* Begin PBXSourcesBuildPhase section */
		795C550C22CBA5690043DC14 /* Sources */ = {
			isa = PBXSourcesBuildPhase;
			buildActionMask = 2147483647;
			files = (
				775F514B22CE00C400ACF4C0 /* MealIdentifierView.swift in Sources */,
				79E269B622CBD9FA000C62D0 /* UIView+Extension.swift in Sources */,
				79E269BF22CBDF12000C62D0 /* MealsListHeader.swift in Sources */,
				795C553922CBCD700043DC14 /* MealsListCell.swift in Sources */,
				775F514F22CE086800ACF4C0 /* MealIdentifierController.swift in Sources */,
				79E269B422CBD517000C62D0 /* UIViewComponents+Extension.swift in Sources */,
				79E269C122CBE5B6000C62D0 /* Meal.swift in Sources */,
				795C553722CBA6300043DC14 /* MealsListController.swift in Sources */,
				79E269C322CBEAAB000C62D0 /* MealsStatsController.swift in Sources */,
				775F514D22CE082400ACF4C0 /* HasCustomView.swift in Sources */,
				79E269BD22CBDD7D000C62D0 /* UITableView+Reusable.swift in Sources */,
				7925806522CC600700415C72 /* User.swift in Sources */,
				775F514922CE003A00ACF4C0 /* UIButton+Animate.swift in Sources */,
				79E269BB22CBDD19000C62D0 /* Reusable.swift in Sources */,
				77B92CDB22CCE2C9007B51ED /* NetworkService.swift in Sources */,
				79E269C522CBF0CD000C62D0 /* Constraints+Extension.swift in Sources */,
				79E269B922CBDC72000C62D0 /* ConfigurableView.swift in Sources */,
				775F514722CE000500ACF4C0 /* CustomButton.swift in Sources */,
				795C551622CBA5690043DC14 /* CustomTabBarController.swift in Sources */,
				7969A5B722CC5B71004BE151 /* Schedule.swift in Sources */,
				795C551422CBA5690043DC14 /* AppDelegate.swift in Sources */,
			);
			runOnlyForDeploymentPostprocessing = 0;
		};
		795C552022CBA56A0043DC14 /* Sources */ = {
			isa = PBXSourcesBuildPhase;
			buildActionMask = 2147483647;
			files = (
				795C552922CBA56A0043DC14 /* NutrAITests.swift in Sources */,
			);
			runOnlyForDeploymentPostprocessing = 0;
		};
/* End PBXSourcesBuildPhase section */

/* Begin PBXTargetDependency section */
		795C552622CBA56A0043DC14 /* PBXTargetDependency */ = {
			isa = PBXTargetDependency;
			target = 795C550F22CBA5690043DC14 /* NutrAI */;
			targetProxy = 795C552522CBA56A0043DC14 /* PBXContainerItemProxy */;
		};
/* End PBXTargetDependency section */

/* Begin PBXVariantGroup section */
		795C551C22CBA5690043DC14 /* LaunchScreen.storyboard */ = {
			isa = PBXVariantGroup;
			children = (
				795C551D22CBA5690043DC14 /* Base */,
			);
			name = LaunchScreen.storyboard;
			sourceTree = "<group>";
		};
/* End PBXVariantGroup section */

/* Begin XCBuildConfiguration section */
		795C552B22CBA56A0043DC14 /* Debug */ = {
			isa = XCBuildConfiguration;
			buildSettings = {
				ALWAYS_SEARCH_USER_PATHS = NO;
				CLANG_ANALYZER_NONNULL = YES;
				CLANG_ANALYZER_NUMBER_OBJECT_CONVERSION = YES_AGGRESSIVE;
				CLANG_CXX_LANGUAGE_STANDARD = "gnu++14";
				CLANG_CXX_LIBRARY = "libc++";
				CLANG_ENABLE_MODULES = YES;
				CLANG_ENABLE_OBJC_ARC = YES;
				CLANG_ENABLE_OBJC_WEAK = YES;
				CLANG_WARN_BLOCK_CAPTURE_AUTORELEASING = YES;
				CLANG_WARN_BOOL_CONVERSION = YES;
				CLANG_WARN_COMMA = YES;
				CLANG_WARN_CONSTANT_CONVERSION = YES;
				CLANG_WARN_DEPRECATED_OBJC_IMPLEMENTATIONS = YES;
				CLANG_WARN_DIRECT_OBJC_ISA_USAGE = YES_ERROR;
				CLANG_WARN_DOCUMENTATION_COMMENTS = YES;
				CLANG_WARN_EMPTY_BODY = YES;
				CLANG_WARN_ENUM_CONVERSION = YES;
				CLANG_WARN_INFINITE_RECURSION = YES;
				CLANG_WARN_INT_CONVERSION = YES;
				CLANG_WARN_NON_LITERAL_NULL_CONVERSION = YES;
				CLANG_WARN_OBJC_IMPLICIT_RETAIN_SELF = YES;
				CLANG_WARN_OBJC_LITERAL_CONVERSION = YES;
				CLANG_WARN_OBJC_ROOT_CLASS = YES_ERROR;
				CLANG_WARN_RANGE_LOOP_ANALYSIS = YES;
				CLANG_WARN_STRICT_PROTOTYPES = YES;
				CLANG_WARN_SUSPICIOUS_MOVE = YES;
				CLANG_WARN_UNGUARDED_AVAILABILITY = YES_AGGRESSIVE;
				CLANG_WARN_UNREACHABLE_CODE = YES;
				CLANG_WARN__DUPLICATE_METHOD_MATCH = YES;
				CODE_SIGN_IDENTITY = "iPhone Developer";
				COPY_PHASE_STRIP = NO;
				DEBUG_INFORMATION_FORMAT = dwarf;
				ENABLE_STRICT_OBJC_MSGSEND = YES;
				ENABLE_TESTABILITY = YES;
				GCC_C_LANGUAGE_STANDARD = gnu11;
				GCC_DYNAMIC_NO_PIC = NO;
				GCC_NO_COMMON_BLOCKS = YES;
				GCC_OPTIMIZATION_LEVEL = 0;
				GCC_PREPROCESSOR_DEFINITIONS = (
					"DEBUG=1",
					"$(inherited)",
				);
				GCC_WARN_64_TO_32_BIT_CONVERSION = YES;
				GCC_WARN_ABOUT_RETURN_TYPE = YES_ERROR;
				GCC_WARN_UNDECLARED_SELECTOR = YES;
				GCC_WARN_UNINITIALIZED_AUTOS = YES_AGGRESSIVE;
				GCC_WARN_UNUSED_FUNCTION = YES;
				GCC_WARN_UNUSED_VARIABLE = YES;
				IPHONEOS_DEPLOYMENT_TARGET = 12.2;
				MTL_ENABLE_DEBUG_INFO = INCLUDE_SOURCE;
				MTL_FAST_MATH = YES;
				ONLY_ACTIVE_ARCH = YES;
				SDKROOT = iphoneos;
				SWIFT_ACTIVE_COMPILATION_CONDITIONS = DEBUG;
				SWIFT_OPTIMIZATION_LEVEL = "-Onone";
			};
			name = Debug;
		};
		795C552C22CBA56A0043DC14 /* Release */ = {
			isa = XCBuildConfiguration;
			buildSettings = {
				ALWAYS_SEARCH_USER_PATHS = NO;
				CLANG_ANALYZER_NONNULL = YES;
				CLANG_ANALYZER_NUMBER_OBJECT_CONVERSION = YES_AGGRESSIVE;
				CLANG_CXX_LANGUAGE_STANDARD = "gnu++14";
				CLANG_CXX_LIBRARY = "libc++";
				CLANG_ENABLE_MODULES = YES;
				CLANG_ENABLE_OBJC_ARC = YES;
				CLANG_ENABLE_OBJC_WEAK = YES;
				CLANG_WARN_BLOCK_CAPTURE_AUTORELEASING = YES;
				CLANG_WARN_BOOL_CONVERSION = YES;
				CLANG_WARN_COMMA = YES;
				CLANG_WARN_CONSTANT_CONVERSION = YES;
				CLANG_WARN_DEPRECATED_OBJC_IMPLEMENTATIONS = YES;
				CLANG_WARN_DIRECT_OBJC_ISA_USAGE = YES_ERROR;
				CLANG_WARN_DOCUMENTATION_COMMENTS = YES;
				CLANG_WARN_EMPTY_BODY = YES;
				CLANG_WARN_ENUM_CONVERSION = YES;
				CLANG_WARN_INFINITE_RECURSION = YES;
				CLANG_WARN_INT_CONVERSION = YES;
				CLANG_WARN_NON_LITERAL_NULL_CONVERSION = YES;
				CLANG_WARN_OBJC_IMPLICIT_RETAIN_SELF = YES;
				CLANG_WARN_OBJC_LITERAL_CONVERSION = YES;
				CLANG_WARN_OBJC_ROOT_CLASS = YES_ERROR;
				CLANG_WARN_RANGE_LOOP_ANALYSIS = YES;
				CLANG_WARN_STRICT_PROTOTYPES = YES;
				CLANG_WARN_SUSPICIOUS_MOVE = YES;
				CLANG_WARN_UNGUARDED_AVAILABILITY = YES_AGGRESSIVE;
				CLANG_WARN_UNREACHABLE_CODE = YES;
				CLANG_WARN__DUPLICATE_METHOD_MATCH = YES;
				CODE_SIGN_IDENTITY = "iPhone Developer";
				COPY_PHASE_STRIP = NO;
				DEBUG_INFORMATION_FORMAT = "dwarf-with-dsym";
				ENABLE_NS_ASSERTIONS = NO;
				ENABLE_STRICT_OBJC_MSGSEND = YES;
				GCC_C_LANGUAGE_STANDARD = gnu11;
				GCC_NO_COMMON_BLOCKS = YES;
				GCC_WARN_64_TO_32_BIT_CONVERSION = YES;
				GCC_WARN_ABOUT_RETURN_TYPE = YES_ERROR;
				GCC_WARN_UNDECLARED_SELECTOR = YES;
				GCC_WARN_UNINITIALIZED_AUTOS = YES_AGGRESSIVE;
				GCC_WARN_UNUSED_FUNCTION = YES;
				GCC_WARN_UNUSED_VARIABLE = YES;
				IPHONEOS_DEPLOYMENT_TARGET = 12.2;
				MTL_ENABLE_DEBUG_INFO = NO;
				MTL_FAST_MATH = YES;
				SDKROOT = iphoneos;
				SWIFT_COMPILATION_MODE = wholemodule;
				SWIFT_OPTIMIZATION_LEVEL = "-O";
				VALIDATE_PRODUCT = YES;
			};
			name = Release;
		};
		795C552E22CBA56A0043DC14 /* Debug */ = {
			isa = XCBuildConfiguration;
			baseConfigurationReference = F7BC89A6B3A5C86C8C4F24E5 /* Pods-NutrAI.debug.xcconfig */;
			buildSettings = {
				ASSETCATALOG_COMPILER_APPICON_NAME = AppIcon;
				CODE_SIGN_STYLE = Automatic;
				DEVELOPMENT_TEAM = F6FYGZ29HL;
				INFOPLIST_FILE = NutrAI/Info.plist;
				LD_RUNPATH_SEARCH_PATHS = (
					"$(inherited)",
					"@executable_path/Frameworks",
				);
				PRODUCT_BUNDLE_IDENTIFIER = com.academy.NutrAI;
				PRODUCT_NAME = "$(TARGET_NAME)";
				SWIFT_VERSION = 5.0;
				TARGETED_DEVICE_FAMILY = "1,2";
			};
			name = Debug;
		};
		795C552F22CBA56A0043DC14 /* Release */ = {
			isa = XCBuildConfiguration;
			baseConfigurationReference = 77F075A6599E6A8E84C6DA23 /* Pods-NutrAI.release.xcconfig */;
			buildSettings = {
				ASSETCATALOG_COMPILER_APPICON_NAME = AppIcon;
				CODE_SIGN_STYLE = Automatic;
				DEVELOPMENT_TEAM = F6FYGZ29HL;
				INFOPLIST_FILE = NutrAI/Info.plist;
				LD_RUNPATH_SEARCH_PATHS = (
					"$(inherited)",
					"@executable_path/Frameworks",
				);
				PRODUCT_BUNDLE_IDENTIFIER = com.academy.NutrAI;
				PRODUCT_NAME = "$(TARGET_NAME)";
				SWIFT_VERSION = 5.0;
				TARGETED_DEVICE_FAMILY = "1,2";
			};
			name = Release;
		};
		795C553122CBA56A0043DC14 /* Debug */ = {
			isa = XCBuildConfiguration;
			baseConfigurationReference = F9B14869BE3ACFA67CB74194 /* Pods-NutrAITests.debug.xcconfig */;
			buildSettings = {
				ALWAYS_EMBED_SWIFT_STANDARD_LIBRARIES = YES;
				BUNDLE_LOADER = "$(TEST_HOST)";
				CODE_SIGN_STYLE = Automatic;
				DEVELOPMENT_TEAM = F6FYGZ29HL;
				INFOPLIST_FILE = NutrAITests/Info.plist;
				LD_RUNPATH_SEARCH_PATHS = (
					"$(inherited)",
					"@executable_path/Frameworks",
					"@loader_path/Frameworks",
				);
				PRODUCT_BUNDLE_IDENTIFIER = com.academy.NutrAITests;
				PRODUCT_NAME = "$(TARGET_NAME)";
				SWIFT_VERSION = 5.0;
				TARGETED_DEVICE_FAMILY = "1,2";
				TEST_HOST = "$(BUILT_PRODUCTS_DIR)/NutrAI.app/NutrAI";
			};
			name = Debug;
		};
		795C553222CBA56A0043DC14 /* Release */ = {
			isa = XCBuildConfiguration;
			baseConfigurationReference = D5E5A8FFF573C6AF9F0D19D4 /* Pods-NutrAITests.release.xcconfig */;
			buildSettings = {
				ALWAYS_EMBED_SWIFT_STANDARD_LIBRARIES = YES;
				BUNDLE_LOADER = "$(TEST_HOST)";
				CODE_SIGN_STYLE = Automatic;
				DEVELOPMENT_TEAM = F6FYGZ29HL;
				INFOPLIST_FILE = NutrAITests/Info.plist;
				LD_RUNPATH_SEARCH_PATHS = (
					"$(inherited)",
					"@executable_path/Frameworks",
					"@loader_path/Frameworks",
				);
				PRODUCT_BUNDLE_IDENTIFIER = com.academy.NutrAITests;
				PRODUCT_NAME = "$(TARGET_NAME)";
				SWIFT_VERSION = 5.0;
				TARGETED_DEVICE_FAMILY = "1,2";
				TEST_HOST = "$(BUILT_PRODUCTS_DIR)/NutrAI.app/NutrAI";
			};
			name = Release;
		};
/* End XCBuildConfiguration section */

/* Begin XCConfigurationList section */
		795C550B22CBA5690043DC14 /* Build configuration list for PBXProject "NutrAI" */ = {
			isa = XCConfigurationList;
			buildConfigurations = (
				795C552B22CBA56A0043DC14 /* Debug */,
				795C552C22CBA56A0043DC14 /* Release */,
			);
			defaultConfigurationIsVisible = 0;
			defaultConfigurationName = Release;
		};
		795C552D22CBA56A0043DC14 /* Build configuration list for PBXNativeTarget "NutrAI" */ = {
			isa = XCConfigurationList;
			buildConfigurations = (
				795C552E22CBA56A0043DC14 /* Debug */,
				795C552F22CBA56A0043DC14 /* Release */,
			);
			defaultConfigurationIsVisible = 0;
			defaultConfigurationName = Release;
		};
		795C553022CBA56A0043DC14 /* Build configuration list for PBXNativeTarget "NutrAITests" */ = {
			isa = XCConfigurationList;
			buildConfigurations = (
				795C553122CBA56A0043DC14 /* Debug */,
				795C553222CBA56A0043DC14 /* Release */,
			);
			defaultConfigurationIsVisible = 0;
			defaultConfigurationName = Release;
		};
/* End XCConfigurationList section */
	};
	rootObject = 795C550822CBA5690043DC14 /* Project object */;
}
