// !$*UTF8*$!
{
	archiveVersion = 1;
	classes = {
	};
	objectVersion = 50;
	objects = {

/* Begin PBXBuildFile section */
		795C551422CBA5690043DC14 /* AppDelegate.swift in Sources */ = {isa = PBXBuildFile; fileRef = 795C551322CBA5690043DC14 /* AppDelegate.swift */; };
		795C551622CBA5690043DC14 /* CustomTabBarController.swift in Sources */ = {isa = PBXBuildFile; fileRef = 795C551522CBA5690043DC14 /* CustomTabBarController.swift */; };
		795C551922CBA5690043DC14 /* Main.storyboard in Resources */ = {isa = PBXBuildFile; fileRef = 795C551722CBA5690043DC14 /* Main.storyboard */; };
		795C551B22CBA5690043DC14 /* Assets.xcassets in Resources */ = {isa = PBXBuildFile; fileRef = 795C551A22CBA5690043DC14 /* Assets.xcassets */; };
		795C551E22CBA5690043DC14 /* LaunchScreen.storyboard in Resources */ = {isa = PBXBuildFile; fileRef = 795C551C22CBA5690043DC14 /* LaunchScreen.storyboard */; };
		795C552922CBA56A0043DC14 /* NutrAITests.swift in Sources */ = {isa = PBXBuildFile; fileRef = 795C552822CBA56A0043DC14 /* NutrAITests.swift */; };
		795C553722CBA6300043DC14 /* MealsListController.swift in Sources */ = {isa = PBXBuildFile; fileRef = 795C553622CBA6300043DC14 /* MealsListController.swift */; };
/* End PBXBuildFile section */

/* Begin PBXContainerItemProxy section */
		795C552522CBA56A0043DC14 /* PBXContainerItemProxy */ = {
			isa = PBXContainerItemProxy;
			containerPortal = 795C550822CBA5690043DC14 /* Project object */;
			proxyType = 1;
			remoteGlobalIDString = 795C550F22CBA5690043DC14;
			remoteInfo = NutrAI;
		};
/* End PBXContainerItemProxy section */

/* Begin PBXFileReference section */
		795C551022CBA5690043DC14 /* NutrAI.app */ = {isa = PBXFileReference; explicitFileType = wrapper.application; includeInIndex = 0; path = NutrAI.app; sourceTree = BUILT_PRODUCTS_DIR; };
		795C551322CBA5690043DC14 /* AppDelegate.swift */ = {isa = PBXFileReference; lastKnownFileType = sourcecode.swift; path = AppDelegate.swift; sourceTree = "<group>"; };
		795C551522CBA5690043DC14 /* CustomTabBarController.swift */ = {isa = PBXFileReference; lastKnownFileType = sourcecode.swift; path = CustomTabBarController.swift; sourceTree = "<group>"; };
		795C551822CBA5690043DC14 /* Base */ = {isa = PBXFileReference; lastKnownFileType = file.storyboard; name = Base; path = Base.lproj/Main.storyboard; sourceTree = "<group>"; };
		795C551A22CBA5690043DC14 /* Assets.xcassets */ = {isa = PBXFileReference; lastKnownFileType = folder.assetcatalog; path = Assets.xcassets; sourceTree = "<group>"; };
		795C551D22CBA5690043DC14 /* Base */ = {isa = PBXFileReference; lastKnownFileType = file.storyboard; name = Base; path = Base.lproj/LaunchScreen.storyboard; sourceTree = "<group>"; };
		795C551F22CBA56A0043DC14 /* Info.plist */ = {isa = PBXFileReference; lastKnownFileType = text.plist.xml; path = Info.plist; sourceTree = "<group>"; };
		795C552422CBA56A0043DC14 /* NutrAITests.xctest */ = {isa = PBXFileReference; explicitFileType = wrapper.cfbundle; includeInIndex = 0; path = NutrAITests.xctest; sourceTree = BUILT_PRODUCTS_DIR; };
		795C552822CBA56A0043DC14 /* NutrAITests.swift */ = {isa = PBXFileReference; lastKnownFileType = sourcecode.swift; path = NutrAITests.swift; sourceTree = "<group>"; };
		795C552A22CBA56A0043DC14 /* Info.plist */ = {isa = PBXFileReference; lastKnownFileType = text.plist.xml; path = Info.plist; sourceTree = "<group>"; };
		795C553622CBA6300043DC14 /* MealsListController.swift */ = {isa = PBXFileReference; lastKnownFileType = sourcecode.swift; path = MealsListController.swift; sourceTree = "<group>"; };
/* End PBXFileReference section */

/* Begin PBXFrameworksBuildPhase section */
		795C550D22CBA5690043DC14 /* Frameworks */ = {
			isa = PBXFrameworksBuildPhase;
			buildActionMask = 2147483647;
			files = (
			);
			runOnlyForDeploymentPostprocessing = 0;
		};
		795C552122CBA56A0043DC14 /* Frameworks */ = {
			isa = PBXFrameworksBuildPhase;
			buildActionMask = 2147483647;
			files = (
			);
			runOnlyForDeploymentPostprocessing = 0;
		};
/* End PBXFrameworksBuildPhase section */

/* Begin PBXGroup section */
		795C550722CBA5690043DC14 = {
			isa = PBXGroup;
			children = (
				795C551222CBA5690043DC14 /* NutrAI */,
				795C552722CBA56A0043DC14 /* NutrAITests */,
				795C551122CBA5690043DC14 /* Products */,
			);
			sourceTree = "<group>";
		};
		795C551122CBA5690043DC14 /* Products */ = {
			isa = PBXGroup;
			children = (
				795C551022CBA5690043DC14 /* NutrAI.app */,
				795C552422CBA56A0043DC14 /* NutrAITests.xctest */,
			);
			name = Products;
			sourceTree = "<group>";
		};
		795C551222CBA5690043DC14 /* NutrAI */ = {
			isa = PBXGroup;
			children = (
				795C553522CBA57C0043DC14 /* Controller */,
				795C553422CBA5770043DC14 /* Model */,
				795C553322CBA5700043DC14 /* View */,
				795C551322CBA5690043DC14 /* AppDelegate.swift */,
				795C551722CBA5690043DC14 /* Main.storyboard */,
				795C551A22CBA5690043DC14 /* Assets.xcassets */,
				795C551C22CBA5690043DC14 /* LaunchScreen.storyboard */,
				795C551F22CBA56A0043DC14 /* Info.plist */,
			);
			path = NutrAI;
			sourceTree = "<group>";
		};
		795C552722CBA56A0043DC14 /* NutrAITests */ = {
			isa = PBXGroup;
			children = (
				795C552822CBA56A0043DC14 /* NutrAITests.swift */,
				795C552A22CBA56A0043DC14 /* Info.plist */,
			);
			path = NutrAITests;
			sourceTree = "<group>";
		};
		795C553322CBA5700043DC14 /* View */ = {
			isa = PBXGroup;
			children = (
			);
			path = View;
			sourceTree = "<group>";
		};
		795C553422CBA5770043DC14 /* Model */ = {
			isa = PBXGroup;
			children = (
			);
			path = Model;
			sourceTree = "<group>";
		};
		795C553522CBA57C0043DC14 /* Controller */ = {
			isa = PBXGroup;
			children = (
				795C551522CBA5690043DC14 /* CustomTabBarController.swift */,
				795C553622CBA6300043DC14 /* MealsListController.swift */,
			);
			path = Controller;
			sourceTree = "<group>";
		};
/* End PBXGroup section */

/* Begin PBXNativeTarget section */
		795C550F22CBA5690043DC14 /* NutrAI */ = {
			isa = PBXNativeTarget;
			buildConfigurationList = 795C552D22CBA56A0043DC14 /* Build configuration list for PBXNativeTarget "NutrAI" */;
			buildPhases = (
				795C550C22CBA5690043DC14 /* Sources */,
				795C550D22CBA5690043DC14 /* Frameworks */,
				795C550E22CBA5690043DC14 /* Resources */,
			);
			buildRules = (
			);
			dependencies = (
			);
			name = NutrAI;
			productName = NutrAI;
			productReference = 795C551022CBA5690043DC14 /* NutrAI.app */;
			productType = "com.apple.product-type.application";
		};
		795C552322CBA56A0043DC14 /* NutrAITests */ = {
			isa = PBXNativeTarget;
			buildConfigurationList = 795C553022CBA56A0043DC14 /* Build configuration list for PBXNativeTarget "NutrAITests" */;
			buildPhases = (
				795C552022CBA56A0043DC14 /* Sources */,
				795C552122CBA56A0043DC14 /* Frameworks */,
				795C552222CBA56A0043DC14 /* Resources */,
			);
			buildRules = (
			);
			dependencies = (
				795C552622CBA56A0043DC14 /* PBXTargetDependency */,
			);
			name = NutrAITests;
			productName = NutrAITests;
			productReference = 795C552422CBA56A0043DC14 /* NutrAITests.xctest */;
			productType = "com.apple.product-type.bundle.unit-test";
		};
/* End PBXNativeTarget section */

/* Begin PBXProject section */
		795C550822CBA5690043DC14 /* Project object */ = {
			isa = PBXProject;
			attributes = {
				LastSwiftUpdateCheck = 1020;
				LastUpgradeCheck = 1020;
				ORGANIZATIONNAME = "Vinicius Mangueira";
				TargetAttributes = {
					795C550F22CBA5690043DC14 = {
						CreatedOnToolsVersion = 10.2.1;
					};
					795C552322CBA56A0043DC14 = {
						CreatedOnToolsVersion = 10.2.1;
						TestTargetID = 795C550F22CBA5690043DC14;
					};
				};
			};
			buildConfigurationList = 795C550B22CBA5690043DC14 /* Build configuration list for PBXProject "NutrAI" */;
			compatibilityVersion = "Xcode 9.3";
			developmentRegion = en;
			hasScannedForEncodings = 0;
			knownRegions = (
				en,
				Base,
			);
			mainGroup = 795C550722CBA5690043DC14;
			productRefGroup = 795C551122CBA5690043DC14 /* Products */;
			projectDirPath = "";
			projectRoot = "";
			targets = (
				795C550F22CBA5690043DC14 /* NutrAI */,
				795C552322CBA56A0043DC14 /* NutrAITests */,
			);
		};
/* End PBXProject section */

/* Begin PBXResourcesBuildPhase section */
		795C550E22CBA5690043DC14 /* Resources */ = {
			isa = PBXResourcesBuildPhase;
			buildActionMask = 2147483647;
			files = (
				795C551E22CBA5690043DC14 /* LaunchScreen.storyboard in Resources */,
				795C551B22CBA5690043DC14 /* Assets.xcassets in Resources */,
				795C551922CBA5690043DC14 /* Main.storyboard in Resources */,
			);
			runOnlyForDeploymentPostprocessing = 0;
		};
		795C552222CBA56A0043DC14 /* Resources */ = {
			isa = PBXResourcesBuildPhase;
			buildActionMask = 2147483647;
			files = (
			);
			runOnlyForDeploymentPostprocessing = 0;
		};
/* End PBXResourcesBuildPhase section */

/* Begin PBXSourcesBuildPhase section */
		795C550C22CBA5690043DC14 /* Sources */ = {
			isa = PBXSourcesBuildPhase;
			buildActionMask = 2147483647;
			files = (
				795C553722CBA6300043DC14 /* MealsListController.swift in Sources */,
				795C551622CBA5690043DC14 /* CustomTabBarController.swift in Sources */,
				795C551422CBA5690043DC14 /* AppDelegate.swift in Sources */,
			);
			runOnlyForDeploymentPostprocessing = 0;
		};
		795C552022CBA56A0043DC14 /* Sources */ = {
			isa = PBXSourcesBuildPhase;
			buildActionMask = 2147483647;
			files = (
				795C552922CBA56A0043DC14 /* NutrAITests.swift in Sources */,
			);
			runOnlyForDeploymentPostprocessing = 0;
		};
/* End PBXSourcesBuildPhase section */

/* Begin PBXTargetDependency section */
		795C552622CBA56A0043DC14 /* PBXTargetDependency */ = {
			isa = PBXTargetDependency;
			target = 795C550F22CBA5690043DC14 /* NutrAI */;
			targetProxy = 795C552522CBA56A0043DC14 /* PBXContainerItemProxy */;
		};
/* End PBXTargetDependency section */

/* Begin PBXVariantGroup section */
		795C551722CBA5690043DC14 /* Main.storyboard */ = {
			isa = PBXVariantGroup;
			children = (
				795C551822CBA5690043DC14 /* Base */,
			);
			name = Main.storyboard;
			sourceTree = "<group>";
		};
		795C551C22CBA5690043DC14 /* LaunchScreen.storyboard */ = {
			isa = PBXVariantGroup;
			children = (
				795C551D22CBA5690043DC14 /* Base */,
			);
			name = LaunchScreen.storyboard;
			sourceTree = "<group>";
		};
/* End PBXVariantGroup section */

/* Begin XCBuildConfiguration section */
		795C552B22CBA56A0043DC14 /* Debug */ = {
			isa = XCBuildConfiguration;
			buildSettings = {
				ALWAYS_SEARCH_USER_PATHS = NO;
				CLANG_ANALYZER_NONNULL = YES;
				CLANG_ANALYZER_NUMBER_OBJECT_CONVERSION = YES_AGGRESSIVE;
				CLANG_CXX_LANGUAGE_STANDARD = "gnu++14";
				CLANG_CXX_LIBRARY = "libc++";
				CLANG_ENABLE_MODULES = YES;
				CLANG_ENABLE_OBJC_ARC = YES;
				CLANG_ENABLE_OBJC_WEAK = YES;
				CLANG_WARN_BLOCK_CAPTURE_AUTORELEASING = YES;
				CLANG_WARN_BOOL_CONVERSION = YES;
				CLANG_WARN_COMMA = YES;
				CLANG_WARN_CONSTANT_CONVERSION = YES;
				CLANG_WARN_DEPRECATED_OBJC_IMPLEMENTATIONS = YES;
				CLANG_WARN_DIRECT_OBJC_ISA_USAGE = YES_ERROR;
				CLANG_WARN_DOCUMENTATION_COMMENTS = YES;
				CLANG_WARN_EMPTY_BODY = YES;
				CLANG_WARN_ENUM_CONVERSION = YES;
				CLANG_WARN_INFINITE_RECURSION = YES;
				CLANG_WARN_INT_CONVERSION = YES;
				CLANG_WARN_NON_LITERAL_NULL_CONVERSION = YES;
				CLANG_WARN_OBJC_IMPLICIT_RETAIN_SELF = YES;
				CLANG_WARN_OBJC_LITERAL_CONVERSION = YES;
				CLANG_WARN_OBJC_ROOT_CLASS = YES_ERROR;
				CLANG_WARN_RANGE_LOOP_ANALYSIS = YES;
				CLANG_WARN_STRICT_PROTOTYPES = YES;
				CLANG_WARN_SUSPICIOUS_MOVE = YES;
				CLANG_WARN_UNGUARDED_AVAILABILITY = YES_AGGRESSIVE;
				CLANG_WARN_UNREACHABLE_CODE = YES;
				CLANG_WARN__DUPLICATE_METHOD_MATCH = YES;
				CODE_SIGN_IDENTITY = "iPhone Developer";
				COPY_PHASE_STRIP = NO;
				DEBUG_INFORMATION_FORMAT = dwarf;
				ENABLE_STRICT_OBJC_MSGSEND = YES;
				ENABLE_TESTABILITY = YES;
				GCC_C_LANGUAGE_STANDARD = gnu11;
				GCC_DYNAMIC_NO_PIC = NO;
				GCC_NO_COMMON_BLOCKS = YES;
				GCC_OPTIMIZATION_LEVEL = 0;
				GCC_PREPROCESSOR_DEFINITIONS = (
					"DEBUG=1",
					"$(inherited)",
				);
				GCC_WARN_64_TO_32_BIT_CONVERSION = YES;
				GCC_WARN_ABOUT_RETURN_TYPE = YES_ERROR;
				GCC_WARN_UNDECLARED_SELECTOR = YES;
				GCC_WARN_UNINITIALIZED_AUTOS = YES_AGGRESSIVE;
				GCC_WARN_UNUSED_FUNCTION = YES;
				GCC_WARN_UNUSED_VARIABLE = YES;
				IPHONEOS_DEPLOYMENT_TARGET = 12.2;
				MTL_ENABLE_DEBUG_INFO = INCLUDE_SOURCE;
				MTL_FAST_MATH = YES;
				ONLY_ACTIVE_ARCH = YES;
				SDKROOT = iphoneos;
				SWIFT_ACTIVE_COMPILATION_CONDITIONS = DEBUG;
				SWIFT_OPTIMIZATION_LEVEL = "-Onone";
			};
			name = Debug;
		};
		795C552C22CBA56A0043DC14 /* Release */ = {
			isa = XCBuildConfiguration;
			buildSettings = {
				ALWAYS_SEARCH_USER_PATHS = NO;
				CLANG_ANALYZER_NONNULL = YES;
				CLANG_ANALYZER_NUMBER_OBJECT_CONVERSION = YES_AGGRESSIVE;
				CLANG_CXX_LANGUAGE_STANDARD = "gnu++14";
				CLANG_CXX_LIBRARY = "libc++";
				CLANG_ENABLE_MODULES = YES;
				CLANG_ENABLE_OBJC_ARC = YES;
				CLANG_ENABLE_OBJC_WEAK = YES;
				CLANG_WARN_BLOCK_CAPTURE_AUTORELEASING = YES;
				CLANG_WARN_BOOL_CONVERSION = YES;
				CLANG_WARN_COMMA = YES;
				CLANG_WARN_CONSTANT_CONVERSION = YES;
				CLANG_WARN_DEPRECATED_OBJC_IMPLEMENTATIONS = YES;
				CLANG_WARN_DIRECT_OBJC_ISA_USAGE = YES_ERROR;
				CLANG_WARN_DOCUMENTATION_COMMENTS = YES;
				CLANG_WARN_EMPTY_BODY = YES;
				CLANG_WARN_ENUM_CONVERSION = YES;
				CLANG_WARN_INFINITE_RECURSION = YES;
				CLANG_WARN_INT_CONVERSION = YES;
				CLANG_WARN_NON_LITERAL_NULL_CONVERSION = YES;
				CLANG_WARN_OBJC_IMPLICIT_RETAIN_SELF = YES;
				CLANG_WARN_OBJC_LITERAL_CONVERSION = YES;
				CLANG_WARN_OBJC_ROOT_CLASS = YES_ERROR;
				CLANG_WARN_RANGE_LOOP_ANALYSIS = YES;
				CLANG_WARN_STRICT_PROTOTYPES = YES;
				CLANG_WARN_SUSPICIOUS_MOVE = YES;
				CLANG_WARN_UNGUARDED_AVAILABILITY = YES_AGGRESSIVE;
				CLANG_WARN_UNREACHABLE_CODE = YES;
				CLANG_WARN__DUPLICATE_METHOD_MATCH = YES;
				CODE_SIGN_IDENTITY = "iPhone Developer";
				COPY_PHASE_STRIP = NO;
				DEBUG_INFORMATION_FORMAT = "dwarf-with-dsym";
				ENABLE_NS_ASSERTIONS = NO;
				ENABLE_STRICT_OBJC_MSGSEND = YES;
				GCC_C_LANGUAGE_STANDARD = gnu11;
				GCC_NO_COMMON_BLOCKS = YES;
				GCC_WARN_64_TO_32_BIT_CONVERSION = YES;
				GCC_WARN_ABOUT_RETURN_TYPE = YES_ERROR;
				GCC_WARN_UNDECLARED_SELECTOR = YES;
				GCC_WARN_UNINITIALIZED_AUTOS = YES_AGGRESSIVE;
				GCC_WARN_UNUSED_FUNCTION = YES;
				GCC_WARN_UNUSED_VARIABLE = YES;
				IPHONEOS_DEPLOYMENT_TARGET = 12.2;
				MTL_ENABLE_DEBUG_INFO = NO;
				MTL_FAST_MATH = YES;
				SDKROOT = iphoneos;
				SWIFT_COMPILATION_MODE = wholemodule;
				SWIFT_OPTIMIZATION_LEVEL = "-O";
				VALIDATE_PRODUCT = YES;
			};
			name = Release;
		};
		795C552E22CBA56A0043DC14 /* Debug */ = {
			isa = XCBuildConfiguration;
			buildSettings = {
				ASSETCATALOG_COMPILER_APPICON_NAME = AppIcon;
				CODE_SIGN_STYLE = Automatic;
				DEVELOPMENT_TEAM = F6FYGZ29HL;
				INFOPLIST_FILE = NutrAI/Info.plist;
				LD_RUNPATH_SEARCH_PATHS = (
					"$(inherited)",
					"@executable_path/Frameworks",
				);
				PRODUCT_BUNDLE_IDENTIFIER = com.academy.NutrAI;
				PRODUCT_NAME = "$(TARGET_NAME)";
				SWIFT_VERSION = 5.0;
				TARGETED_DEVICE_FAMILY = "1,2";
			};
			name = Debug;
		};
		795C552F22CBA56A0043DC14 /* Release */ = {
			isa = XCBuildConfiguration;
			buildSettings = {
				ASSETCATALOG_COMPILER_APPICON_NAME = AppIcon;
				CODE_SIGN_STYLE = Automatic;
				DEVELOPMENT_TEAM = F6FYGZ29HL;
				INFOPLIST_FILE = NutrAI/Info.plist;
				LD_RUNPATH_SEARCH_PATHS = (
					"$(inherited)",
					"@executable_path/Frameworks",
				);
				PRODUCT_BUNDLE_IDENTIFIER = com.academy.NutrAI;
				PRODUCT_NAME = "$(TARGET_NAME)";
				SWIFT_VERSION = 5.0;
				TARGETED_DEVICE_FAMILY = "1,2";
			};
			name = Release;
		};
		795C553122CBA56A0043DC14 /* Debug */ = {
			isa = XCBuildConfiguration;
			buildSettings = {
				ALWAYS_EMBED_SWIFT_STANDARD_LIBRARIES = YES;
				BUNDLE_LOADER = "$(TEST_HOST)";
				CODE_SIGN_STYLE = Automatic;
				DEVELOPMENT_TEAM = F6FYGZ29HL;
				INFOPLIST_FILE = NutrAITests/Info.plist;
				LD_RUNPATH_SEARCH_PATHS = (
					"$(inherited)",
					"@executable_path/Frameworks",
					"@loader_path/Frameworks",
				);
				PRODUCT_BUNDLE_IDENTIFIER = com.academy.NutrAITests;
				PRODUCT_NAME = "$(TARGET_NAME)";
				SWIFT_VERSION = 5.0;
				TARGETED_DEVICE_FAMILY = "1,2";
				TEST_HOST = "$(BUILT_PRODUCTS_DIR)/NutrAI.app/NutrAI";
			};
			name = Debug;
		};
		795C553222CBA56A0043DC14 /* Release */ = {
			isa = XCBuildConfiguration;
			buildSettings = {
				ALWAYS_EMBED_SWIFT_STANDARD_LIBRARIES = YES;
				BUNDLE_LOADER = "$(TEST_HOST)";
				CODE_SIGN_STYLE = Automatic;
				DEVELOPMENT_TEAM = F6FYGZ29HL;
				INFOPLIST_FILE = NutrAITests/Info.plist;
				LD_RUNPATH_SEARCH_PATHS = (
					"$(inherited)",
					"@executable_path/Frameworks",
					"@loader_path/Frameworks",
				);
				PRODUCT_BUNDLE_IDENTIFIER = com.academy.NutrAITests;
				PRODUCT_NAME = "$(TARGET_NAME)";
				SWIFT_VERSION = 5.0;
				TARGETED_DEVICE_FAMILY = "1,2";
				TEST_HOST = "$(BUILT_PRODUCTS_DIR)/NutrAI.app/NutrAI";
			};
			name = Release;
		};
/* End XCBuildConfiguration section */

/* Begin XCConfigurationList section */
		795C550B22CBA5690043DC14 /* Build configuration list for PBXProject "NutrAI" */ = {
			isa = XCConfigurationList;
			buildConfigurations = (
				795C552B22CBA56A0043DC14 /* Debug */,
				795C552C22CBA56A0043DC14 /* Release */,
			);
			defaultConfigurationIsVisible = 0;
			defaultConfigurationName = Release;
		};
		795C552D22CBA56A0043DC14 /* Build configuration list for PBXNativeTarget "NutrAI" */ = {
			isa = XCConfigurationList;
			buildConfigurations = (
				795C552E22CBA56A0043DC14 /* Debug */,
				795C552F22CBA56A0043DC14 /* Release */,
			);
			defaultConfigurationIsVisible = 0;
			defaultConfigurationName = Release;
		};
		795C553022CBA56A0043DC14 /* Build configuration list for PBXNativeTarget "NutrAITests" */ = {
			isa = XCConfigurationList;
			buildConfigurations = (
				795C553122CBA56A0043DC14 /* Debug */,
				795C553222CBA56A0043DC14 /* Release */,
			);
			defaultConfigurationIsVisible = 0;
			defaultConfigurationName = Release;
		};
/* End XCConfigurationList section */
	};
	rootObject = 795C550822CBA5690043DC14 /* Project object */;
}
